
Microsoft Visual Studio Solution File, Format Version 12.00
# Visual Studio Version 17
VisualStudioVersion = 17.14.36408.4
MinimumVisualStudioVersion = 10.0.40219.1
Project("{FAE04EC0-301F-11D3-BF4B-00C04F79EFBC}") = "APIGateway_Eventos", "APIGateway_Eventos\APIGateway_Eventos.csproj", "{E8228E9A-BEE4-43CE-808A-0AC5DB01950E}"
EndProject
Project("{FAE04EC0-301F-11D3-BF4B-00C04F79EFBC}") = "EventosAPI", "EventosAPI\EventosAPI.csproj", "{5669C7A5-8FE7-462E-AACE-ED86CD4865DD}"
EndProject
Project("{2150E333-8FDC-42A3-9474-1A3956D46DE8}") = "Elementos de la solución", "Elementos de la solución", "{D107F4C8-89CC-BEA8-D3D7-CA6B7733353D}"
	ProjectSection(SolutionItems) = preProject
		docker-compose.yaml = docker-compose.yaml
	EndProjectSection
EndProject
Global
	GlobalSection(SolutionConfigurationPlatforms) = preSolution
		Debug|Any CPU = Debug|Any CPU
		Release|Any CPU = Release|Any CPU
	EndGlobalSection
	GlobalSection(ProjectConfigurationPlatforms) = postSolution
		{E8228E9A-BEE4-43CE-808A-0AC5DB01950E}.Debug|Any CPU.ActiveCfg = Debug|Any CPU
		{E8228E9A-BEE4-43CE-808A-0AC5DB01950E}.Debug|Any CPU.Build.0 = Debug|Any CPU
		{E8228E9A-BEE4-43CE-808A-0AC5DB01950E}.Release|Any CPU.ActiveCfg = Release|Any CPU
		{E8228E9A-BEE4-43CE-808A-0AC5DB01950E}.Release|Any CPU.Build.0 = Release|Any CPU
		{5669C7A5-8FE7-462E-AACE-ED86CD4865DD}.Debug|Any CPU.ActiveCfg = Debug|Any CPU
		{5669C7A5-8FE7-462E-AACE-ED86CD4865DD}.Debug|Any CPU.Build.0 = Debug|Any CPU
		{5669C7A5-8FE7-462E-AACE-ED86CD4865DD}.Release|Any CPU.ActiveCfg = Release|Any CPU
		{5669C7A5-8FE7-462E-AACE-ED86CD4865DD}.Release|Any CPU.Build.0 = Release|Any CPU
	EndGlobalSection
	GlobalSection(SolutionProperties) = preSolution
		HideSolutionNode = FALSE
	EndGlobalSection
	GlobalSection(ExtensibilityGlobals) = postSolution
		SolutionGuid = {48F529D7-2019-4C1A-A4F6-7A79528237B8}
	EndGlobalSection
EndGlobal
